
Microsoft Visual Studio Solution File, Format Version 12.00
# Visual Studio 2013
VisualStudioVersion = 12.0.30501.0
MinimumVisualStudioVersion = 10.0.40219.1
Project("{2150E333-8FDC-42A3-9474-1A3956D46DE8}") = "Reegenerator", "Reegenerator", "{13E4EC81-152E-4990-9866-252885A73D92}"
	ProjectSection(SolutionItems) = preProject
		RgenAttachedRenderers.xml = RgenAttachedRenderers.xml
		RgenDependencies.xml = RgenDependencies.xml
	EndProjectSection
EndProject
Project("{FAE04EC0-301F-11D3-BF4B-00C04F79EFBC}") = "RgenLib", "RgenLib\RgenLib.csproj", "{FA884BB3-23D7-495C-A246-364FB3B2A478}"
EndProject
Project("{FAE04EC0-301F-11D3-BF4B-00C04F79EFBC}") = "RgenLib.Test", "RgenLib.Test\RgenLib.Test.csproj", "{C551FD34-0538-4362-8CE2-2DFC0CC20E85}"
EndProject
Project("{FAE04EC0-301F-11D3-BF4B-00C04F79EFBC}") = "RgenLib.Attributes", "RgenLib.Attributes\RgenLib.Attributes.csproj", "{07C4AE0F-B6A5-45FC-982C-E4EC2C0B6661}"
EndProject
Project("{FAE04EC0-301F-11D3-BF4B-00C04F79EFBC}") = "RgenLib.Templates", "RgenLib.Templates\RgenLib.Templates.csproj", "{A2E8570A-ADF1-40C8-A42A-9D5088F2ECB5}"
EndProject
Global
	GlobalSection(SolutionConfigurationPlatforms) = preSolution
		Debug|Any CPU = Debug|Any CPU
		Release|Any CPU = Release|Any CPU
	EndGlobalSection
	GlobalSection(ProjectConfigurationPlatforms) = postSolution
		{FA884BB3-23D7-495C-A246-364FB3B2A478}.Debug|Any CPU.ActiveCfg = Debug|Any CPU
		{FA884BB3-23D7-495C-A246-364FB3B2A478}.Debug|Any CPU.Build.0 = Debug|Any CPU
		{FA884BB3-23D7-495C-A246-364FB3B2A478}.Release|Any CPU.ActiveCfg = Release|Any CPU
		{FA884BB3-23D7-495C-A246-364FB3B2A478}.Release|Any CPU.Build.0 = Release|Any CPU
		{C551FD34-0538-4362-8CE2-2DFC0CC20E85}.Debug|Any CPU.ActiveCfg = Debug|Any CPU
		{C551FD34-0538-4362-8CE2-2DFC0CC20E85}.Debug|Any CPU.Build.0 = Debug|Any CPU
		{C551FD34-0538-4362-8CE2-2DFC0CC20E85}.Release|Any CPU.ActiveCfg = Release|Any CPU
		{C551FD34-0538-4362-8CE2-2DFC0CC20E85}.Release|Any CPU.Build.0 = Release|Any CPU
		{07C4AE0F-B6A5-45FC-982C-E4EC2C0B6661}.Debug|Any CPU.ActiveCfg = Debug|Any CPU
		{07C4AE0F-B6A5-45FC-982C-E4EC2C0B6661}.Debug|Any CPU.Build.0 = Debug|Any CPU
		{07C4AE0F-B6A5-45FC-982C-E4EC2C0B6661}.Release|Any CPU.ActiveCfg = Release|Any CPU
		{07C4AE0F-B6A5-45FC-982C-E4EC2C0B6661}.Release|Any CPU.Build.0 = Release|Any CPU
		{A2E8570A-ADF1-40C8-A42A-9D5088F2ECB5}.Debug|Any CPU.ActiveCfg = Debug|Any CPU
		{A2E8570A-ADF1-40C8-A42A-9D5088F2ECB5}.Release|Any CPU.ActiveCfg = Release|Any CPU
	EndGlobalSection
	GlobalSection(SolutionProperties) = preSolution
		HideSolutionNode = FALSE
	EndGlobalSection
EndGlobal
